
Microsoft Visual Studio Solution File, Format Version 12.00
# Visual Studio 15
VisualStudioVersion = 15.0.27004.2010
MinimumVisualStudioVersion = 10.0.40219.1
Project("{FAE04EC0-301F-11D3-BF4B-00C04F79EFBC}") = "ClientCRL", "ClientCRL\ClientCRL.csproj", "{0AE77AAD-95FF-4AF0-A39D-B0809D27E0CE}"
EndProject
Project("{FAE04EC0-301F-11D3-BF4B-00C04F79EFBC}") = "SyntaxTextBox", "..\syntaxhighlightbox\Ui.SyntaxHighlightBox\SyntaxTextBox.csproj", "{10A9ECD3-AE1E-494D-9A27-8A32DD581759}"
EndProject
Global
	GlobalSection(SolutionConfigurationPlatforms) = preSolution
		Debug|Any CPU = Debug|Any CPU
		Release|Any CPU = Release|Any CPU
	EndGlobalSection
	GlobalSection(ProjectConfigurationPlatforms) = postSolution
		{0AE77AAD-95FF-4AF0-A39D-B0809D27E0CE}.Debug|Any CPU.ActiveCfg = Debug|Any CPU
		{0AE77AAD-95FF-4AF0-A39D-B0809D27E0CE}.Debug|Any CPU.Build.0 = Debug|Any CPU
		{0AE77AAD-95FF-4AF0-A39D-B0809D27E0CE}.Release|Any CPU.ActiveCfg = Release|Any CPU
		{0AE77AAD-95FF-4AF0-A39D-B0809D27E0CE}.Release|Any CPU.Build.0 = Release|Any CPU
		{10A9ECD3-AE1E-494D-9A27-8A32DD581759}.Debug|Any CPU.ActiveCfg = Debug|Any CPU
		{10A9ECD3-AE1E-494D-9A27-8A32DD581759}.Debug|Any CPU.Build.0 = Debug|Any CPU
		{10A9ECD3-AE1E-494D-9A27-8A32DD581759}.Release|Any CPU.ActiveCfg = Release|Any CPU
		{10A9ECD3-AE1E-494D-9A27-8A32DD581759}.Release|Any CPU.Build.0 = Release|Any CPU
	EndGlobalSection
	GlobalSection(SolutionProperties) = preSolution
		HideSolutionNode = FALSE
	EndGlobalSection
	GlobalSection(ExtensibilityGlobals) = postSolution
		SolutionGuid = {D8838547-4748-4F2D-AD8A-3147B6651B6E}
	EndGlobalSection
EndGlobal
